
Microsoft Visual Studio Solution File, Format Version 12.00
# Visual Studio Version 17
VisualStudioVersion = 17.0.31903.59
MinimumVisualStudioVersion = 10.0.40219.1
Project("{FAE04EC0-301F-11D3-BF4B-00C04F79EFBC}") = "Asp.NetEmpty", "Asp.NetEmpty\Asp.NetEmpty.csproj", "{734E64CB-AC38-4D10-B3BF-E06036BF27D7}"
EndProject
Project("{FAE04EC0-301F-11D3-BF4B-00C04F79EFBC}") = "BasicMVCProject", "BasicMVCProject\BasicMVCProject.csproj", "{441BBEAA-ADE0-4CE2-B0A4-24E8F64BFB55}"
EndProject
Global
	GlobalSection(SolutionConfigurationPlatforms) = preSolution
		Debug|Any CPU = Debug|Any CPU
		Release|Any CPU = Release|Any CPU
	EndGlobalSection
	GlobalSection(ProjectConfigurationPlatforms) = postSolution
		{734E64CB-AC38-4D10-B3BF-E06036BF27D7}.Debug|Any CPU.ActiveCfg = Debug|Any CPU
		{734E64CB-AC38-4D10-B3BF-E06036BF27D7}.Debug|Any CPU.Build.0 = Debug|Any CPU
		{734E64CB-AC38-4D10-B3BF-E06036BF27D7}.Release|Any CPU.ActiveCfg = Release|Any CPU
		{734E64CB-AC38-4D10-B3BF-E06036BF27D7}.Release|Any CPU.Build.0 = Release|Any CPU
		{441BBEAA-ADE0-4CE2-B0A4-24E8F64BFB55}.Debug|Any CPU.ActiveCfg = Debug|Any CPU
		{441BBEAA-ADE0-4CE2-B0A4-24E8F64BFB55}.Debug|Any CPU.Build.0 = Debug|Any CPU
		{441BBEAA-ADE0-4CE2-B0A4-24E8F64BFB55}.Release|Any CPU.ActiveCfg = Release|Any CPU
		{441BBEAA-ADE0-4CE2-B0A4-24E8F64BFB55}.Release|Any CPU.Build.0 = Release|Any CPU
	EndGlobalSection
	GlobalSection(SolutionProperties) = preSolution
		HideSolutionNode = FALSE
	EndGlobalSection
EndGlobal
